
Microsoft Visual Studio Solution File, Format Version 12.00
# Visual Studio Version 17
VisualStudioVersion = 17.0.32014.148
MinimumVisualStudioVersion = 10.0.40219.1
Project("{FAE04EC0-301F-11D3-BF4B-00C04F79EFBC}") = "practice_1_계산기", "practice_1_계산기\practice_1_계산기.csproj", "{0F45832B-DCA8-466E-942D-8C564EF6C707}"
EndProject
Global
	GlobalSection(SolutionConfigurationPlatforms) = preSolution
		Debug|Any CPU = Debug|Any CPU
		Release|Any CPU = Release|Any CPU
	EndGlobalSection
	GlobalSection(ProjectConfigurationPlatforms) = postSolution
		{0F45832B-DCA8-466E-942D-8C564EF6C707}.Debug|Any CPU.ActiveCfg = Debug|Any CPU
		{0F45832B-DCA8-466E-942D-8C564EF6C707}.Debug|Any CPU.Build.0 = Debug|Any CPU
		{0F45832B-DCA8-466E-942D-8C564EF6C707}.Release|Any CPU.ActiveCfg = Release|Any CPU
		{0F45832B-DCA8-466E-942D-8C564EF6C707}.Release|Any CPU.Build.0 = Release|Any CPU
	EndGlobalSection
	GlobalSection(SolutionProperties) = preSolution
		HideSolutionNode = FALSE
	EndGlobalSection
	GlobalSection(ExtensibilityGlobals) = postSolution
		SolutionGuid = {2A42522E-05A5-48D4-A6B5-DD7A4E555D9C}
	EndGlobalSection
EndGlobal
